
Microsoft Visual Studio Solution File, Format Version 12.00
# Visual Studio 15
VisualStudioVersion = 15.0.28307.1972
MinimumVisualStudioVersion = 10.0.40219.1
Project("{FAE04EC0-301F-11D3-BF4B-00C04F79EFBC}") = "MathExercises", "ConsoleApp1\MathExercises.csproj", "{76D5D95A-E28F-4F36-980E-304BE39A36B5}"
EndProject
Global
	GlobalSection(SolutionConfigurationPlatforms) = preSolution
		Debug|Any CPU = Debug|Any CPU
		Release|Any CPU = Release|Any CPU
	EndGlobalSection
	GlobalSection(ProjectConfigurationPlatforms) = postSolution
		{76D5D95A-E28F-4F36-980E-304BE39A36B5}.Debug|Any CPU.ActiveCfg = Debug|Any CPU
		{76D5D95A-E28F-4F36-980E-304BE39A36B5}.Debug|Any CPU.Build.0 = Debug|Any CPU
		{76D5D95A-E28F-4F36-980E-304BE39A36B5}.Release|Any CPU.ActiveCfg = Release|Any CPU
		{76D5D95A-E28F-4F36-980E-304BE39A36B5}.Release|Any CPU.Build.0 = Release|Any CPU
	EndGlobalSection
	GlobalSection(SolutionProperties) = preSolution
		HideSolutionNode = FALSE
	EndGlobalSection
	GlobalSection(ExtensibilityGlobals) = postSolution
		SolutionGuid = {092CF017-849D-4102-BC67-42A0D1497731}
	EndGlobalSection
EndGlobal
